
Microsoft Visual Studio Solution File, Format Version 12.00
# Visual Studio 15
VisualStudioVersion = 15.0.28307.136
MinimumVisualStudioVersion = 10.0.40219.1
Project("{FAE04EC0-301F-11D3-BF4B-00C04F79EFBC}") = "FIFALauncherPatcher", "FIFALauncherPatcher\FIFALauncherPatcher.csproj", "{527C081B-8FF5-4284-B6D0-0561E434A872}"
EndProject
Global
	GlobalSection(SolutionConfigurationPlatforms) = preSolution
		Debug|Any CPU = Debug|Any CPU
		Release|Any CPU = Release|Any CPU
	EndGlobalSection
	GlobalSection(ProjectConfigurationPlatforms) = postSolution
		{527C081B-8FF5-4284-B6D0-0561E434A872}.Debug|Any CPU.ActiveCfg = Debug|Any CPU
		{527C081B-8FF5-4284-B6D0-0561E434A872}.Debug|Any CPU.Build.0 = Debug|Any CPU
		{527C081B-8FF5-4284-B6D0-0561E434A872}.Release|Any CPU.ActiveCfg = Release|Any CPU
		{527C081B-8FF5-4284-B6D0-0561E434A872}.Release|Any CPU.Build.0 = Release|Any CPU
	EndGlobalSection
	GlobalSection(SolutionProperties) = preSolution
		HideSolutionNode = FALSE
	EndGlobalSection
	GlobalSection(ExtensibilityGlobals) = postSolution
		SolutionGuid = {B100E69E-D728-4AB5-9A3F-D8E135FF1E21}
	EndGlobalSection
EndGlobal
